{
  "name": "Ateliers-Pastels",
  "lockfileVersion": 3,
  "requires": true,
  "packages": {
    "": {
      "dependencies": {
        "emailjs-com": "^3.2.0",
        "framer-motion": "^12.7.5"
      }
    },
    "node_modules/emailjs-com": {
      "version": "3.2.0",
      "resolved": "https://registry.npmjs.org/emailjs-com/-/emailjs-com-3.2.0.tgz",
      "integrity": "sha512-Prbz3E1usiAwGjMNYRv6EsJ5c373cX7/AGnZQwOfrpNJrygQJ15+E9OOq4pU8yC977Z5xMetRfc3WmDX6RcjAA==",
      "deprecated": "The SDK name changed to @emailjs/browser",
      "license": "MIT",
      "engines": {
        "node": ">=12.0.0"
      }
    },
    "node_modules/framer-motion": {
      "version": "12.7.5",
      "resolved": "https://registry.npmjs.org/framer-motion/-/framer-motion-12.7.5.tgz",
      "integrity": "sha512-iD+vBOLn8E8bwBAFUQ1DYXjivm+cGGPgQUQ4Doleq7YP/zHdozUVwAMBJwOOfCTbtM8uOooMi77noD261Kxiyw==",
      "license": "MIT",
      "dependencies": {
        "motion-dom": "^12.7.5",
        "motion-utils": "^12.7.5",
        "tslib": "^2.4.0"
      },
      "peerDependencies": {
        "@emotion/is-prop-valid": "*",
        "react": "^18.0.0 || ^19.0.0",
        "react-dom": "^18.0.0 || ^19.0.0"
      },
      "peerDependenciesMeta": {
        "@emotion/is-prop-valid": {
          "optional": true
        },
        "react": {
          "optional": true
        },
        "react-dom": {
          "optional": true
        }
      }
    },
    "node_modules/motion-dom": {
      "version": "12.7.5",
      "resolved": "https://registry.npmjs.org/motion-dom/-/motion-dom-12.7.5.tgz",
      "integrity": "sha512-0YjhPfv9n5O8DqCrSp8ny+JrsHqYu957oqlNKkrUrAvYpDKYWfp/7uM9Pu26DinbMn+H0p72rdUL8P8RzhSo1Q==",
      "license": "MIT",
      "dependencies": {
        "motion-utils": "^12.7.5"
      }
    },
    "node_modules/motion-utils": {
      "version": "12.7.5",
      "resolved": "https://registry.npmjs.org/motion-utils/-/motion-utils-12.7.5.tgz",
      "integrity": "sha512-JIgrmEq7Vw1x0AUrjvkRp7oMMQkGqSUMT50O/Ag6RRCQWG3gRRTkOI+BirBAJT6m+GIPoiyxkJ1u98GgF/a6TQ==",
      "license": "MIT"
    },
    "node_modules/tslib": {
      "version": "2.8.1",
      "resolved": "https://registry.npmjs.org/tslib/-/tslib-2.8.1.tgz",
      "integrity": "sha512-oJFu94HQb+KVduSUQL7wnpmqnfmLsOA/nAh6b6EH0wCEoK0/mPeXU6c3wKDV83MkOuHPRHtSXKKU99IBazS/2w==",
      "license": "0BSD"
    }
  }
}
